// !$*UTF8*$!
{
	archiveVersion = 1;
	classes = {
	};
	objectVersion = 56;
	objects = {

/* Begin PBXBuildFile section */
		A88E44462CC177D8008C3B96 /* AppDelegate.swift in Sources */ = {isa = PBXBuildFile; fileRef = A88E44452CC177D8008C3B96 /* AppDelegate.swift */; };
		A88E44482CC177D8008C3B96 /* SceneDelegate.swift in Sources */ = {isa = PBXBuildFile; fileRef = A88E44472CC177D8008C3B96 /* SceneDelegate.swift */; };
		A88E444A2CC177D8008C3B96 /* HomeViewController.swift in Sources */ = {isa = PBXBuildFile; fileRef = A88E44492CC177D8008C3B96 /* HomeViewController.swift */; };
		A88E444F2CC177DA008C3B96 /* Assets.xcassets in Resources */ = {isa = PBXBuildFile; fileRef = A88E444E2CC177DA008C3B96 /* Assets.xcassets */; };
		A88E44522CC177DA008C3B96 /* Base in Resources */ = {isa = PBXBuildFile; fileRef = A88E44512CC177DA008C3B96 /* Base */; };
		A88E44602CC17F34008C3B96 /* TabBarViewController.swift in Sources */ = {isa = PBXBuildFile; fileRef = A88E445F2CC17F34008C3B96 /* TabBarViewController.swift */; };
		A88E44622CC17F8E008C3B96 /* SearchViewController.swift in Sources */ = {isa = PBXBuildFile; fileRef = A88E44612CC17F8E008C3B96 /* SearchViewController.swift */; };
		A88E44682CC17FED008C3B96 /* AuthViewController.swift in Sources */ = {isa = PBXBuildFile; fileRef = A88E44672CC17FED008C3B96 /* AuthViewController.swift */; };
		A88E446A2CC18007008C3B96 /* WelcomeViewController.swift in Sources */ = {isa = PBXBuildFile; fileRef = A88E44692CC18007008C3B96 /* WelcomeViewController.swift */; };
		A88E446C2CC18014008C3B96 /* SettingsViewController.swift in Sources */ = {isa = PBXBuildFile; fileRef = A88E446B2CC18014008C3B96 /* SettingsViewController.swift */; };
		A88E446E2CC1801C008C3B96 /* ProfileViewController.swift in Sources */ = {isa = PBXBuildFile; fileRef = A88E446D2CC1801C008C3B96 /* ProfileViewController.swift */; };
		A88E44702CC18024008C3B96 /* PlayerViewController.swift in Sources */ = {isa = PBXBuildFile; fileRef = A88E446F2CC18024008C3B96 /* PlayerViewController.swift */; };
		A88E44742CC1803D008C3B96 /* SearchResultViewController.swift in Sources */ = {isa = PBXBuildFile; fileRef = A88E44732CC1803D008C3B96 /* SearchResultViewController.swift */; };
		A88E44762CC1805B008C3B96 /* AuthManager.swift in Sources */ = {isa = PBXBuildFile; fileRef = A88E44752CC1805B008C3B96 /* AuthManager.swift */; };
		A88E44782CC1806E008C3B96 /* APICaller.swift in Sources */ = {isa = PBXBuildFile; fileRef = A88E44772CC1806E008C3B96 /* APICaller.swift */; };
		A88E44802CC180C0008C3B96 /* AudioTrackModel.swift in Sources */ = {isa = PBXBuildFile; fileRef = A88E447F2CC180C0008C3B96 /* AudioTrackModel.swift */; };
		A88E44822CC180C6008C3B96 /* ArtistModel.swift in Sources */ = {isa = PBXBuildFile; fileRef = A88E44812CC180C6008C3B96 /* ArtistModel.swift */; };
		A88E44862CC19989008C3B96 /* Extension.swift in Sources */ = {isa = PBXBuildFile; fileRef = A88E44852CC19989008C3B96 /* Extension.swift */; };
		A88E44882CC29E95008C3B96 /* AuthResponse.swift in Sources */ = {isa = PBXBuildFile; fileRef = A88E44872CC29E95008C3B96 /* AuthResponse.swift */; };
		A88E448A2CC2DBF9008C3B96 /* UserProfileModel.swift in Sources */ = {isa = PBXBuildFile; fileRef = A88E44892CC2DBF9008C3B96 /* UserProfileModel.swift */; };
		A88E448C2CC2EC60008C3B96 /* SettingsModels.swift in Sources */ = {isa = PBXBuildFile; fileRef = A88E448B2CC2EC60008C3B96 /* SettingsModels.swift */; };
		A88E448F2CC3D4F2008C3B96 /* SDWebImage in Frameworks */ = {isa = PBXBuildFile; productRef = A88E448E2CC3D4F2008C3B96 /* SDWebImage */; };
		A88E44912CC3D4F2008C3B96 /* SDWebImageMapKit in Frameworks */ = {isa = PBXBuildFile; productRef = A88E44902CC3D4F2008C3B96 /* SDWebImageMapKit */; };
		A88E44932CC3E284008C3B96 /* NewReleasesResponse.swift in Sources */ = {isa = PBXBuildFile; fileRef = A88E44922CC3E284008C3B96 /* NewReleasesResponse.swift */; };
		A88E44952CC3E483008C3B96 /* APIImage.swift in Sources */ = {isa = PBXBuildFile; fileRef = A88E44942CC3E483008C3B96 /* APIImage.swift */; };
		A88E44972CC3E511008C3B96 /* APIExternalUrls.swift in Sources */ = {isa = PBXBuildFile; fileRef = A88E44962CC3E511008C3B96 /* APIExternalUrls.swift */; };
		A88E44992CC3EA5E008C3B96 /* FeaturedPlaylistResponse.swift in Sources */ = {isa = PBXBuildFile; fileRef = A88E44982CC3EA5E008C3B96 /* FeaturedPlaylistResponse.swift */; };
		A88E449B2CC3EDDC008C3B96 /* RecommendationsResponse.swift in Sources */ = {isa = PBXBuildFile; fileRef = A88E449A2CC3EDDC008C3B96 /* RecommendationsResponse.swift */; };
		A88E449F2CC3EE10008C3B96 /* Album.swift in Sources */ = {isa = PBXBuildFile; fileRef = A88E449E2CC3EE10008C3B96 /* Album.swift */; };
		A88E44A12CC3F24B008C3B96 /* GenresForRecommendationsResponse.swift in Sources */ = {isa = PBXBuildFile; fileRef = A88E44A02CC3F24B008C3B96 /* GenresForRecommendationsResponse.swift */; };
		A88E44A72CC43467008C3B96 /* FeaturedPlaylistTableViewCell.swift in Sources */ = {isa = PBXBuildFile; fileRef = A88E44A62CC43467008C3B96 /* FeaturedPlaylistTableViewCell.swift */; };
		A88E44A92CC43474008C3B96 /* NewReleasesTableViewCell.swift in Sources */ = {isa = PBXBuildFile; fileRef = A88E44A82CC43474008C3B96 /* NewReleasesTableViewCell.swift */; };
		A88E44AC2CC4457B008C3B96 /* NewReleasesCollectionViewCell.swift in Sources */ = {isa = PBXBuildFile; fileRef = A88E44AB2CC4457B008C3B96 /* NewReleasesCollectionViewCell.swift */; };
		A88E44AE2CC51AAE008C3B96 /* RecommendedTrackCollectionViewCell.swift in Sources */ = {isa = PBXBuildFile; fileRef = A88E44AD2CC51AAE008C3B96 /* RecommendedTrackCollectionViewCell.swift */; };
		A88E44B02CC51ABC008C3B96 /* RecommendedTrackTableViewCell.swift in Sources */ = {isa = PBXBuildFile; fileRef = A88E44AF2CC51ABC008C3B96 /* RecommendedTrackTableViewCell.swift */; };
		A88E44B22CC52FBC008C3B96 /* FeaturedPlaylistCollectionViewCell.swift in Sources */ = {isa = PBXBuildFile; fileRef = A88E44B12CC52FBC008C3B96 /* FeaturedPlaylistCollectionViewCell.swift */; };
		A88E44B42CC5773C008C3B96 /* PlaylistDetailsResponse.swift in Sources */ = {isa = PBXBuildFile; fileRef = A88E44B32CC5773C008C3B96 /* PlaylistDetailsResponse.swift */; };
		A88E44B62CC57997008C3B96 /* ALbumDetailResponse.swift in Sources */ = {isa = PBXBuildFile; fileRef = A88E44B52CC57997008C3B96 /* ALbumDetailResponse.swift */; };
		A88E44BC2CC65943008C3B96 /* DetailsTableViewCell.swift in Sources */ = {isa = PBXBuildFile; fileRef = A88E44BB2CC65943008C3B96 /* DetailsTableViewCell.swift */; };
		A88E44BE2CC66EA6008C3B96 /* DetailsViewController.swift in Sources */ = {isa = PBXBuildFile; fileRef = A88E44BD2CC66EA6008C3B96 /* DetailsViewController.swift */; };
		A88E44C02CC6A585008C3B96 /* CategoriesCollectionViewCell.swift in Sources */ = {isa = PBXBuildFile; fileRef = A88E44BF2CC6A585008C3B96 /* CategoriesCollectionViewCell.swift */; };
		A88E44C22CC6B0C5008C3B96 /* CategoriesResponse.swift in Sources */ = {isa = PBXBuildFile; fileRef = A88E44C12CC6B0C5008C3B96 /* CategoriesResponse.swift */; };
		A88E44C82CC70448008C3B96 /* SearchResponse.swift in Sources */ = {isa = PBXBuildFile; fileRef = A88E44C72CC70448008C3B96 /* SearchResponse.swift */; };
		A88E44CA2CC7AF02008C3B96 /* SearchResultViewModel.swift in Sources */ = {isa = PBXBuildFile; fileRef = A88E44C92CC7AF02008C3B96 /* SearchResultViewModel.swift */; };
		A88E44CC2CC7D8A6008C3B96 /* DetailsViewModel.swift in Sources */ = {isa = PBXBuildFile; fileRef = A88E44CB2CC7D8A6008C3B96 /* DetailsViewModel.swift */; };
		A88E44D12CC815CB008C3B96 /* PlaybackPresenter.swift in Sources */ = {isa = PBXBuildFile; fileRef = A88E44D02CC815CB008C3B96 /* PlaybackPresenter.swift */; };
		A88E44D32CC82539008C3B96 /* PlayerControlsView.swift in Sources */ = {isa = PBXBuildFile; fileRef = A88E44D22CC82539008C3B96 /* PlayerControlsView.swift */; };
		A88E44D52CC832E9008C3B96 /* PLayerControlsViewViewModel.swift in Sources */ = {isa = PBXBuildFile; fileRef = A88E44D42CC832E8008C3B96 /* PLayerControlsViewViewModel.swift */; };
/* End PBXBuildFile section */

/* Begin PBXFileReference section */
		A88E44422CC177D8008C3B96 /* SpotifyUIKit.app */ = {isa = PBXFileReference; explicitFileType = wrapper.application; includeInIndex = 0; path = SpotifyUIKit.app; sourceTree = BUILT_PRODUCTS_DIR; };
		A88E44452CC177D8008C3B96 /* AppDelegate.swift */ = {isa = PBXFileReference; lastKnownFileType = sourcecode.swift; path = AppDelegate.swift; sourceTree = "<group>"; };
		A88E44472CC177D8008C3B96 /* SceneDelegate.swift */ = {isa = PBXFileReference; lastKnownFileType = sourcecode.swift; path = SceneDelegate.swift; sourceTree = "<group>"; };
		A88E44492CC177D8008C3B96 /* HomeViewController.swift */ = {isa = PBXFileReference; lastKnownFileType = sourcecode.swift; path = HomeViewController.swift; sourceTree = "<group>"; };
		A88E444E2CC177DA008C3B96 /* Assets.xcassets */ = {isa = PBXFileReference; lastKnownFileType = folder.assetcatalog; path = Assets.xcassets; sourceTree = "<group>"; };
		A88E44512CC177DA008C3B96 /* Base */ = {isa = PBXFileReference; lastKnownFileType = file.storyboard; name = Base; path = Base.lproj/LaunchScreen.storyboard; sourceTree = "<group>"; };
		A88E44532CC177DA008C3B96 /* Info.plist */ = {isa = PBXFileReference; lastKnownFileType = text.plist.xml; path = Info.plist; sourceTree = "<group>"; };
		A88E445F2CC17F34008C3B96 /* TabBarViewController.swift */ = {isa = PBXFileReference; lastKnownFileType = sourcecode.swift; path = TabBarViewController.swift; sourceTree = "<group>"; };
		A88E44612CC17F8E008C3B96 /* SearchViewController.swift */ = {isa = PBXFileReference; lastKnownFileType = sourcecode.swift; path = SearchViewController.swift; sourceTree = "<group>"; };
		A88E44672CC17FED008C3B96 /* AuthViewController.swift */ = {isa = PBXFileReference; lastKnownFileType = sourcecode.swift; path = AuthViewController.swift; sourceTree = "<group>"; };
		A88E44692CC18007008C3B96 /* WelcomeViewController.swift */ = {isa = PBXFileReference; lastKnownFileType = sourcecode.swift; path = WelcomeViewController.swift; sourceTree = "<group>"; };
		A88E446B2CC18014008C3B96 /* SettingsViewController.swift */ = {isa = PBXFileReference; lastKnownFileType = sourcecode.swift; path = SettingsViewController.swift; sourceTree = "<group>"; };
		A88E446D2CC1801C008C3B96 /* ProfileViewController.swift */ = {isa = PBXFileReference; lastKnownFileType = sourcecode.swift; path = ProfileViewController.swift; sourceTree = "<group>"; };
		A88E446F2CC18024008C3B96 /* PlayerViewController.swift */ = {isa = PBXFileReference; lastKnownFileType = sourcecode.swift; path = PlayerViewController.swift; sourceTree = "<group>"; };
		A88E44732CC1803D008C3B96 /* SearchResultViewController.swift */ = {isa = PBXFileReference; lastKnownFileType = sourcecode.swift; path = SearchResultViewController.swift; sourceTree = "<group>"; };
		A88E44752CC1805B008C3B96 /* AuthManager.swift */ = {isa = PBXFileReference; lastKnownFileType = sourcecode.swift; path = AuthManager.swift; sourceTree = "<group>"; };
		A88E44772CC1806E008C3B96 /* APICaller.swift */ = {isa = PBXFileReference; lastKnownFileType = sourcecode.swift; path = APICaller.swift; sourceTree = "<group>"; };
		A88E447F2CC180C0008C3B96 /* AudioTrackModel.swift */ = {isa = PBXFileReference; lastKnownFileType = sourcecode.swift; path = AudioTrackModel.swift; sourceTree = "<group>"; };
		A88E44812CC180C6008C3B96 /* ArtistModel.swift */ = {isa = PBXFileReference; lastKnownFileType = sourcecode.swift; path = ArtistModel.swift; sourceTree = "<group>"; };
		A88E44852CC19989008C3B96 /* Extension.swift */ = {isa = PBXFileReference; lastKnownFileType = sourcecode.swift; path = Extension.swift; sourceTree = "<group>"; };
		A88E44872CC29E95008C3B96 /* AuthResponse.swift */ = {isa = PBXFileReference; lastKnownFileType = sourcecode.swift; path = AuthResponse.swift; sourceTree = "<group>"; };
		A88E44892CC2DBF9008C3B96 /* UserProfileModel.swift */ = {isa = PBXFileReference; lastKnownFileType = sourcecode.swift; path = UserProfileModel.swift; sourceTree = "<group>"; };
		A88E448B2CC2EC60008C3B96 /* SettingsModels.swift */ = {isa = PBXFileReference; lastKnownFileType = sourcecode.swift; path = SettingsModels.swift; sourceTree = "<group>"; };
		A88E44922CC3E284008C3B96 /* NewReleasesResponse.swift */ = {isa = PBXFileReference; lastKnownFileType = sourcecode.swift; path = NewReleasesResponse.swift; sourceTree = "<group>"; };
		A88E44942CC3E483008C3B96 /* APIImage.swift */ = {isa = PBXFileReference; lastKnownFileType = sourcecode.swift; path = APIImage.swift; sourceTree = "<group>"; };
		A88E44962CC3E511008C3B96 /* APIExternalUrls.swift */ = {isa = PBXFileReference; lastKnownFileType = sourcecode.swift; path = APIExternalUrls.swift; sourceTree = "<group>"; };
		A88E44982CC3EA5E008C3B96 /* FeaturedPlaylistResponse.swift */ = {isa = PBXFileReference; lastKnownFileType = sourcecode.swift; path = FeaturedPlaylistResponse.swift; sourceTree = "<group>"; };
		A88E449A2CC3EDDC008C3B96 /* RecommendationsResponse.swift */ = {isa = PBXFileReference; lastKnownFileType = sourcecode.swift; path = RecommendationsResponse.swift; sourceTree = "<group>"; };
		A88E449E2CC3EE10008C3B96 /* Album.swift */ = {isa = PBXFileReference; lastKnownFileType = sourcecode.swift; path = Album.swift; sourceTree = "<group>"; };
		A88E44A02CC3F24B008C3B96 /* GenresForRecommendationsResponse.swift */ = {isa = PBXFileReference; lastKnownFileType = sourcecode.swift; path = GenresForRecommendationsResponse.swift; sourceTree = "<group>"; };
		A88E44A62CC43467008C3B96 /* FeaturedPlaylistTableViewCell.swift */ = {isa = PBXFileReference; lastKnownFileType = sourcecode.swift; path = FeaturedPlaylistTableViewCell.swift; sourceTree = "<group>"; };
		A88E44A82CC43474008C3B96 /* NewReleasesTableViewCell.swift */ = {isa = PBXFileReference; lastKnownFileType = sourcecode.swift; path = NewReleasesTableViewCell.swift; sourceTree = "<group>"; };
		A88E44AB2CC4457B008C3B96 /* NewReleasesCollectionViewCell.swift */ = {isa = PBXFileReference; lastKnownFileType = sourcecode.swift; path = NewReleasesCollectionViewCell.swift; sourceTree = "<group>"; };
		A88E44AD2CC51AAE008C3B96 /* RecommendedTrackCollectionViewCell.swift */ = {isa = PBXFileReference; lastKnownFileType = sourcecode.swift; path = RecommendedTrackCollectionViewCell.swift; sourceTree = "<group>"; };
		A88E44AF2CC51ABC008C3B96 /* RecommendedTrackTableViewCell.swift */ = {isa = PBXFileReference; lastKnownFileType = sourcecode.swift; path = RecommendedTrackTableViewCell.swift; sourceTree = "<group>"; };
		A88E44B12CC52FBC008C3B96 /* FeaturedPlaylistCollectionViewCell.swift */ = {isa = PBXFileReference; lastKnownFileType = sourcecode.swift; path = FeaturedPlaylistCollectionViewCell.swift; sourceTree = "<group>"; };
		A88E44B32CC5773C008C3B96 /* PlaylistDetailsResponse.swift */ = {isa = PBXFileReference; lastKnownFileType = sourcecode.swift; path = PlaylistDetailsResponse.swift; sourceTree = "<group>"; };
		A88E44B52CC57997008C3B96 /* ALbumDetailResponse.swift */ = {isa = PBXFileReference; lastKnownFileType = sourcecode.swift; path = ALbumDetailResponse.swift; sourceTree = "<group>"; };
		A88E44BB2CC65943008C3B96 /* DetailsTableViewCell.swift */ = {isa = PBXFileReference; lastKnownFileType = sourcecode.swift; path = DetailsTableViewCell.swift; sourceTree = "<group>"; };
		A88E44BD2CC66EA6008C3B96 /* DetailsViewController.swift */ = {isa = PBXFileReference; lastKnownFileType = sourcecode.swift; path = DetailsViewController.swift; sourceTree = "<group>"; };
		A88E44BF2CC6A585008C3B96 /* CategoriesCollectionViewCell.swift */ = {isa = PBXFileReference; lastKnownFileType = sourcecode.swift; path = CategoriesCollectionViewCell.swift; sourceTree = "<group>"; };
		A88E44C12CC6B0C5008C3B96 /* CategoriesResponse.swift */ = {isa = PBXFileReference; lastKnownFileType = sourcecode.swift; path = CategoriesResponse.swift; sourceTree = "<group>"; };
		A88E44C72CC70448008C3B96 /* SearchResponse.swift */ = {isa = PBXFileReference; lastKnownFileType = sourcecode.swift; path = SearchResponse.swift; sourceTree = "<group>"; };
		A88E44C92CC7AF02008C3B96 /* SearchResultViewModel.swift */ = {isa = PBXFileReference; lastKnownFileType = sourcecode.swift; path = SearchResultViewModel.swift; sourceTree = "<group>"; };
		A88E44CB2CC7D8A6008C3B96 /* DetailsViewModel.swift */ = {isa = PBXFileReference; lastKnownFileType = sourcecode.swift; path = DetailsViewModel.swift; sourceTree = "<group>"; };
		A88E44D02CC815CB008C3B96 /* PlaybackPresenter.swift */ = {isa = PBXFileReference; lastKnownFileType = sourcecode.swift; path = PlaybackPresenter.swift; sourceTree = "<group>"; };
		A88E44D22CC82539008C3B96 /* PlayerControlsView.swift */ = {isa = PBXFileReference; lastKnownFileType = sourcecode.swift; path = PlayerControlsView.swift; sourceTree = "<group>"; };
		A88E44D42CC832E8008C3B96 /* PLayerControlsViewViewModel.swift */ = {isa = PBXFileReference; lastKnownFileType = sourcecode.swift; path = PLayerControlsViewViewModel.swift; sourceTree = "<group>"; };
/* End PBXFileReference section */

/* Begin PBXFrameworksBuildPhase section */
		A88E443F2CC177D8008C3B96 /* Frameworks */ = {
			isa = PBXFrameworksBuildPhase;
			buildActionMask = 2147483647;
			files = (
				A88E44912CC3D4F2008C3B96 /* SDWebImageMapKit in Frameworks */,
				A88E448F2CC3D4F2008C3B96 /* SDWebImage in Frameworks */,
			);
			runOnlyForDeploymentPostprocessing = 0;
		};
/* End PBXFrameworksBuildPhase section */

/* Begin PBXGroup section */
		A88E44392CC177D8008C3B96 = {
			isa = PBXGroup;
			children = (
				A88E44442CC177D8008C3B96 /* SpotifyUIKit */,
				A88E44432CC177D8008C3B96 /* Products */,
			);
			sourceTree = "<group>";
		};
		A88E44432CC177D8008C3B96 /* Products */ = {
			isa = PBXGroup;
			children = (
				A88E44422CC177D8008C3B96 /* SpotifyUIKit.app */,
			);
			name = Products;
			sourceTree = "<group>";
		};
		A88E44442CC177D8008C3B96 /* SpotifyUIKit */ = {
			isa = PBXGroup;
			children = (
				A88E44662CC17FCB008C3B96 /* Controllers */,
				A88E445D2CC17937008C3B96 /* ViewModels */,
				A88E445C2CC17931008C3B96 /* Models */,
				A88E445B2CC1792D008C3B96 /* Views */,
				A88E445A2CC17927008C3B96 /* Managers */,
				A88E44592CC17912008C3B96 /* Resources */,
				A88E44532CC177DA008C3B96 /* Info.plist */,
			);
			path = SpotifyUIKit;
			sourceTree = "<group>";
		};
		A88E44592CC17912008C3B96 /* Resources */ = {
			isa = PBXGroup;
			children = (
				A88E44452CC177D8008C3B96 /* AppDelegate.swift */,
				A88E44472CC177D8008C3B96 /* SceneDelegate.swift */,
				A88E444E2CC177DA008C3B96 /* Assets.xcassets */,
				A88E44852CC19989008C3B96 /* Extension.swift */,
			);
			path = Resources;
			sourceTree = "<group>";
		};
		A88E445A2CC17927008C3B96 /* Managers */ = {
			isa = PBXGroup;
			children = (
				A88E44752CC1805B008C3B96 /* AuthManager.swift */,
				A88E44772CC1806E008C3B96 /* APICaller.swift */,
			);
			path = Managers;
			sourceTree = "<group>";
		};
		A88E445B2CC1792D008C3B96 /* Views */ = {
			isa = PBXGroup;
			children = (
				A88E44AA2CC434C3008C3B96 /* HomeViews */,
				A88E44502CC177DA008C3B96 /* LaunchScreen.storyboard */,
			);
			path = Views;
			sourceTree = "<group>";
		};
		A88E445C2CC17931008C3B96 /* Models */ = {
			isa = PBXGroup;
			children = (
				A88E44872CC29E95008C3B96 /* AuthResponse.swift */,
				A88E44C12CC6B0C5008C3B96 /* CategoriesResponse.swift */,
				A88E44B32CC5773C008C3B96 /* PlaylistDetailsResponse.swift */,
				A88E44B52CC57997008C3B96 /* ALbumDetailResponse.swift */,
				A88E447F2CC180C0008C3B96 /* AudioTrackModel.swift */,
				A88E44812CC180C6008C3B96 /* ArtistModel.swift */,
				A88E44892CC2DBF9008C3B96 /* UserProfileModel.swift */,
				A88E44922CC3E284008C3B96 /* NewReleasesResponse.swift */,
				A88E44982CC3EA5E008C3B96 /* FeaturedPlaylistResponse.swift */,
				A88E449A2CC3EDDC008C3B96 /* RecommendationsResponse.swift */,
				A88E44A02CC3F24B008C3B96 /* GenresForRecommendationsResponse.swift */,
				A88E44942CC3E483008C3B96 /* APIImage.swift */,
				A88E44962CC3E511008C3B96 /* APIExternalUrls.swift */,
				A88E449E2CC3EE10008C3B96 /* Album.swift */,
				A88E44C72CC70448008C3B96 /* SearchResponse.swift */,
			);
			path = Models;
			sourceTree = "<group>";
		};
		A88E445D2CC17937008C3B96 /* ViewModels */ = {
			isa = PBXGroup;
			children = (
				A88E448B2CC2EC60008C3B96 /* SettingsModels.swift */,
				A88E44C92CC7AF02008C3B96 /* SearchResultViewModel.swift */,
				A88E44CB2CC7D8A6008C3B96 /* DetailsViewModel.swift */,
				A88E44D42CC832E8008C3B96 /* PLayerControlsViewViewModel.swift */,
			);
			path = ViewModels;
			sourceTree = "<group>";
		};
		A88E445E2CC17945008C3B96 /* Core */ = {
			isa = PBXGroup;
			children = (
				A88E445F2CC17F34008C3B96 /* TabBarViewController.swift */,
				A88E44492CC177D8008C3B96 /* HomeViewController.swift */,
				A88E44612CC17F8E008C3B96 /* SearchViewController.swift */,
			);
			path = Core;
			sourceTree = "<group>";
		};
		A88E44652CC17FB9008C3B96 /* Others */ = {
			isa = PBXGroup;
			children = (
				A88E44672CC17FED008C3B96 /* AuthViewController.swift */,
				A88E44692CC18007008C3B96 /* WelcomeViewController.swift */,
				A88E446B2CC18014008C3B96 /* SettingsViewController.swift */,
				A88E446D2CC1801C008C3B96 /* ProfileViewController.swift */,
				A88E44732CC1803D008C3B96 /* SearchResultViewController.swift */,
				A88E44BD2CC66EA6008C3B96 /* DetailsViewController.swift */,
				A88E44CF2CC815B9008C3B96 /* Presenter */,
			);
			path = Others;
			sourceTree = "<group>";
		};
		A88E44662CC17FCB008C3B96 /* Controllers */ = {
			isa = PBXGroup;
			children = (
				A88E445E2CC17945008C3B96 /* Core */,
				A88E44652CC17FB9008C3B96 /* Others */,
			);
			path = Controllers;
			sourceTree = "<group>";
		};
		A88E44AA2CC434C3008C3B96 /* HomeViews */ = {
			isa = PBXGroup;
			children = (
				A88E44BB2CC65943008C3B96 /* DetailsTableViewCell.swift */,
				A88E44BF2CC6A585008C3B96 /* CategoriesCollectionViewCell.swift */,
				A88E44A82CC43474008C3B96 /* NewReleasesTableViewCell.swift */,
				A88E44AB2CC4457B008C3B96 /* NewReleasesCollectionViewCell.swift */,
				A88E44A62CC43467008C3B96 /* FeaturedPlaylistTableViewCell.swift */,
				A88E44B12CC52FBC008C3B96 /* FeaturedPlaylistCollectionViewCell.swift */,
				A88E44AF2CC51ABC008C3B96 /* RecommendedTrackTableViewCell.swift */,
				A88E44AD2CC51AAE008C3B96 /* RecommendedTrackCollectionViewCell.swift */,
			);
			path = HomeViews;
			sourceTree = "<group>";
		};
		A88E44CF2CC815B9008C3B96 /* Presenter */ = {
			isa = PBXGroup;
			children = (
				A88E44D02CC815CB008C3B96 /* PlaybackPresenter.swift */,
				A88E446F2CC18024008C3B96 /* PlayerViewController.swift */,
				A88E44D22CC82539008C3B96 /* PlayerControlsView.swift */,
			);
			path = Presenter;
			sourceTree = "<group>";
		};
/* End PBXGroup section */

/* Begin PBXNativeTarget section */
		A88E44412CC177D8008C3B96 /* SpotifyUIKit */ = {
			isa = PBXNativeTarget;
			buildConfigurationList = A88E44562CC177DA008C3B96 /* Build configuration list for PBXNativeTarget "SpotifyUIKit" */;
			buildPhases = (
				A88E443E2CC177D8008C3B96 /* Sources */,
				A88E443F2CC177D8008C3B96 /* Frameworks */,
				A88E44402CC177D8008C3B96 /* Resources */,
			);
			buildRules = (
			);
			dependencies = (
			);
			name = SpotifyUIKit;
			packageProductDependencies = (
				A88E448E2CC3D4F2008C3B96 /* SDWebImage */,
				A88E44902CC3D4F2008C3B96 /* SDWebImageMapKit */,
			);
			productName = SpotifyUIKit;
			productReference = A88E44422CC177D8008C3B96 /* SpotifyUIKit.app */;
			productType = "com.apple.product-type.application";
		};
/* End PBXNativeTarget section */

/* Begin PBXProject section */
		A88E443A2CC177D8008C3B96 /* Project object */ = {
			isa = PBXProject;
			attributes = {
				BuildIndependentTargetsInParallel = 1;
				LastSwiftUpdateCheck = 1540;
				LastUpgradeCheck = 1540;
				TargetAttributes = {
					A88E44412CC177D8008C3B96 = {
						CreatedOnToolsVersion = 15.4;
					};
				};
			};
			buildConfigurationList = A88E443D2CC177D8008C3B96 /* Build configuration list for PBXProject "SpotifyUIKit" */;
			compatibilityVersion = "Xcode 14.0";
			developmentRegion = en;
			hasScannedForEncodings = 0;
			knownRegions = (
				en,
				Base,
			);
			mainGroup = A88E44392CC177D8008C3B96;
			packageReferences = (
				A88E448D2CC3D4F2008C3B96 /* XCRemoteSwiftPackageReference "SDWebImage" */,
			);
			productRefGroup = A88E44432CC177D8008C3B96 /* Products */;
			projectDirPath = "";
			projectRoot = "";
			targets = (
				A88E44412CC177D8008C3B96 /* SpotifyUIKit */,
			);
		};
/* End PBXProject section */

/* Begin PBXResourcesBuildPhase section */
		A88E44402CC177D8008C3B96 /* Resources */ = {
			isa = PBXResourcesBuildPhase;
			buildActionMask = 2147483647;
			files = (
				A88E444F2CC177DA008C3B96 /* Assets.xcassets in Resources */,
				A88E44522CC177DA008C3B96 /* Base in Resources */,
			);
			runOnlyForDeploymentPostprocessing = 0;
		};
/* End PBXResourcesBuildPhase section */

/* Begin PBXSourcesBuildPhase section */
		A88E443E2CC177D8008C3B96 /* Sources */ = {
			isa = PBXSourcesBuildPhase;
			buildActionMask = 2147483647;
			files = (
				A88E44622CC17F8E008C3B96 /* SearchViewController.swift in Sources */,
				A88E44BE2CC66EA6008C3B96 /* DetailsViewController.swift in Sources */,
				A88E44B42CC5773C008C3B96 /* PlaylistDetailsResponse.swift in Sources */,
				A88E44762CC1805B008C3B96 /* AuthManager.swift in Sources */,
				A88E449F2CC3EE10008C3B96 /* Album.swift in Sources */,
				A88E446A2CC18007008C3B96 /* WelcomeViewController.swift in Sources */,
				A88E446E2CC1801C008C3B96 /* ProfileViewController.swift in Sources */,
				A88E44952CC3E483008C3B96 /* APIImage.swift in Sources */,
				A88E44602CC17F34008C3B96 /* TabBarViewController.swift in Sources */,
				A88E448A2CC2DBF9008C3B96 /* UserProfileModel.swift in Sources */,
				A88E444A2CC177D8008C3B96 /* HomeViewController.swift in Sources */,
				A88E44682CC17FED008C3B96 /* AuthViewController.swift in Sources */,
				A88E44A12CC3F24B008C3B96 /* GenresForRecommendationsResponse.swift in Sources */,
				A88E44D32CC82539008C3B96 /* PlayerControlsView.swift in Sources */,
				A88E44932CC3E284008C3B96 /* NewReleasesResponse.swift in Sources */,
				A88E449B2CC3EDDC008C3B96 /* RecommendationsResponse.swift in Sources */,
				A88E44D52CC832E9008C3B96 /* PLayerControlsViewViewModel.swift in Sources */,
				A88E44BC2CC65943008C3B96 /* DetailsTableViewCell.swift in Sources */,
				A88E44882CC29E95008C3B96 /* AuthResponse.swift in Sources */,
				A88E44AC2CC4457B008C3B96 /* NewReleasesCollectionViewCell.swift in Sources */,
				A88E44B22CC52FBC008C3B96 /* FeaturedPlaylistCollectionViewCell.swift in Sources */,
				A88E44CC2CC7D8A6008C3B96 /* DetailsViewModel.swift in Sources */,
				A88E44B02CC51ABC008C3B96 /* RecommendedTrackTableViewCell.swift in Sources */,
				A88E44AE2CC51AAE008C3B96 /* RecommendedTrackCollectionViewCell.swift in Sources */,
				A88E44462CC177D8008C3B96 /* AppDelegate.swift in Sources */,
				A88E44C82CC70448008C3B96 /* SearchResponse.swift in Sources */,
				A88E44862CC19989008C3B96 /* Extension.swift in Sources */,
				A88E44C02CC6A585008C3B96 /* CategoriesCollectionViewCell.swift in Sources */,
				A88E44972CC3E511008C3B96 /* APIExternalUrls.swift in Sources */,
				A88E44802CC180C0008C3B96 /* AudioTrackModel.swift in Sources */,
				A88E44482CC177D8008C3B96 /* SceneDelegate.swift in Sources */,
				A88E44B62CC57997008C3B96 /* ALbumDetailResponse.swift in Sources */,
				A88E44CA2CC7AF02008C3B96 /* SearchResultViewModel.swift in Sources */,
				A88E448C2CC2EC60008C3B96 /* SettingsModels.swift in Sources */,
				A88E44702CC18024008C3B96 /* PlayerViewController.swift in Sources */,
				A88E44D12CC815CB008C3B96 /* PlaybackPresenter.swift in Sources */,
				A88E44742CC1803D008C3B96 /* SearchResultViewController.swift in Sources */,
				A88E44A72CC43467008C3B96 /* FeaturedPlaylistTableViewCell.swift in Sources */,
				A88E44C22CC6B0C5008C3B96 /* CategoriesResponse.swift in Sources */,
				A88E44992CC3EA5E008C3B96 /* FeaturedPlaylistResponse.swift in Sources */,
				A88E44A92CC43474008C3B96 /* NewReleasesTableViewCell.swift in Sources */,
				A88E44782CC1806E008C3B96 /* APICaller.swift in Sources */,
				A88E446C2CC18014008C3B96 /* SettingsViewController.swift in Sources */,
				A88E44822CC180C6008C3B96 /* ArtistModel.swift in Sources */,
			);
			runOnlyForDeploymentPostprocessing = 0;
		};
/* End PBXSourcesBuildPhase section */

/* Begin PBXVariantGroup section */
		A88E44502CC177DA008C3B96 /* LaunchScreen.storyboard */ = {
			isa = PBXVariantGroup;
			children = (
				A88E44512CC177DA008C3B96 /* Base */,
			);
			name = LaunchScreen.storyboard;
			sourceTree = "<group>";
		};
/* End PBXVariantGroup section */

/* Begin XCBuildConfiguration section */
		A88E44542CC177DA008C3B96 /* Debug */ = {
			isa = XCBuildConfiguration;
			buildSettings = {
				ALWAYS_SEARCH_USER_PATHS = NO;
				ASSETCATALOG_COMPILER_GENERATE_SWIFT_ASSET_SYMBOL_EXTENSIONS = YES;
				CLANG_ANALYZER_NONNULL = YES;
				CLANG_ANALYZER_NUMBER_OBJECT_CONVERSION = YES_AGGRESSIVE;
				CLANG_CXX_LANGUAGE_STANDARD = "gnu++20";
				CLANG_ENABLE_MODULES = YES;
				CLANG_ENABLE_OBJC_ARC = YES;
				CLANG_ENABLE_OBJC_WEAK = YES;
				CLANG_WARN_BLOCK_CAPTURE_AUTORELEASING = YES;
				CLANG_WARN_BOOL_CONVERSION = YES;
				CLANG_WARN_COMMA = YES;
				CLANG_WARN_CONSTANT_CONVERSION = YES;
				CLANG_WARN_DEPRECATED_OBJC_IMPLEMENTATIONS = YES;
				CLANG_WARN_DIRECT_OBJC_ISA_USAGE = YES_ERROR;
				CLANG_WARN_DOCUMENTATION_COMMENTS = YES;
				CLANG_WARN_EMPTY_BODY = YES;
				CLANG_WARN_ENUM_CONVERSION = YES;
				CLANG_WARN_INFINITE_RECURSION = YES;
				CLANG_WARN_INT_CONVERSION = YES;
				CLANG_WARN_NON_LITERAL_NULL_CONVERSION = YES;
				CLANG_WARN_OBJC_IMPLICIT_RETAIN_SELF = YES;
				CLANG_WARN_OBJC_LITERAL_CONVERSION = YES;
				CLANG_WARN_OBJC_ROOT_CLASS = YES_ERROR;
				CLANG_WARN_QUOTED_INCLUDE_IN_FRAMEWORK_HEADER = YES;
				CLANG_WARN_RANGE_LOOP_ANALYSIS = YES;
				CLANG_WARN_STRICT_PROTOTYPES = YES;
				CLANG_WARN_SUSPICIOUS_MOVE = YES;
				CLANG_WARN_UNGUARDED_AVAILABILITY = YES_AGGRESSIVE;
				CLANG_WARN_UNREACHABLE_CODE = YES;
				CLANG_WARN__DUPLICATE_METHOD_MATCH = YES;
				COPY_PHASE_STRIP = NO;
				DEBUG_INFORMATION_FORMAT = dwarf;
				ENABLE_STRICT_OBJC_MSGSEND = YES;
				ENABLE_TESTABILITY = YES;
				ENABLE_USER_SCRIPT_SANDBOXING = YES;
				GCC_C_LANGUAGE_STANDARD = gnu17;
				GCC_DYNAMIC_NO_PIC = NO;
				GCC_NO_COMMON_BLOCKS = YES;
				GCC_OPTIMIZATION_LEVEL = 0;
				GCC_PREPROCESSOR_DEFINITIONS = (
					"DEBUG=1",
					"$(inherited)",
				);
				GCC_WARN_64_TO_32_BIT_CONVERSION = YES;
				GCC_WARN_ABOUT_RETURN_TYPE = YES_ERROR;
				GCC_WARN_UNDECLARED_SELECTOR = YES;
				GCC_WARN_UNINITIALIZED_AUTOS = YES_AGGRESSIVE;
				GCC_WARN_UNUSED_FUNCTION = YES;
				GCC_WARN_UNUSED_VARIABLE = YES;
				IPHONEOS_DEPLOYMENT_TARGET = 17.5;
				LOCALIZATION_PREFERS_STRING_CATALOGS = YES;
				MTL_ENABLE_DEBUG_INFO = INCLUDE_SOURCE;
				MTL_FAST_MATH = YES;
				ONLY_ACTIVE_ARCH = YES;
				SDKROOT = iphoneos;
				SWIFT_ACTIVE_COMPILATION_CONDITIONS = "DEBUG $(inherited)";
				SWIFT_OPTIMIZATION_LEVEL = "-Onone";
			};
			name = Debug;
		};
		A88E44552CC177DA008C3B96 /* Release */ = {
			isa = XCBuildConfiguration;
			buildSettings = {
				ALWAYS_SEARCH_USER_PATHS = NO;
				ASSETCATALOG_COMPILER_GENERATE_SWIFT_ASSET_SYMBOL_EXTENSIONS = YES;
				CLANG_ANALYZER_NONNULL = YES;
				CLANG_ANALYZER_NUMBER_OBJECT_CONVERSION = YES_AGGRESSIVE;
				CLANG_CXX_LANGUAGE_STANDARD = "gnu++20";
				CLANG_ENABLE_MODULES = YES;
				CLANG_ENABLE_OBJC_ARC = YES;
				CLANG_ENABLE_OBJC_WEAK = YES;
				CLANG_WARN_BLOCK_CAPTURE_AUTORELEASING = YES;
				CLANG_WARN_BOOL_CONVERSION = YES;
				CLANG_WARN_COMMA = YES;
				CLANG_WARN_CONSTANT_CONVERSION = YES;
				CLANG_WARN_DEPRECATED_OBJC_IMPLEMENTATIONS = YES;
				CLANG_WARN_DIRECT_OBJC_ISA_USAGE = YES_ERROR;
				CLANG_WARN_DOCUMENTATION_COMMENTS = YES;
				CLANG_WARN_EMPTY_BODY = YES;
				CLANG_WARN_ENUM_CONVERSION = YES;
				CLANG_WARN_INFINITE_RECURSION = YES;
				CLANG_WARN_INT_CONVERSION = YES;
				CLANG_WARN_NON_LITERAL_NULL_CONVERSION = YES;
				CLANG_WARN_OBJC_IMPLICIT_RETAIN_SELF = YES;
				CLANG_WARN_OBJC_LITERAL_CONVERSION = YES;
				CLANG_WARN_OBJC_ROOT_CLASS = YES_ERROR;
				CLANG_WARN_QUOTED_INCLUDE_IN_FRAMEWORK_HEADER = YES;
				CLANG_WARN_RANGE_LOOP_ANALYSIS = YES;
				CLANG_WARN_STRICT_PROTOTYPES = YES;
				CLANG_WARN_SUSPICIOUS_MOVE = YES;
				CLANG_WARN_UNGUARDED_AVAILABILITY = YES_AGGRESSIVE;
				CLANG_WARN_UNREACHABLE_CODE = YES;
				CLANG_WARN__DUPLICATE_METHOD_MATCH = YES;
				COPY_PHASE_STRIP = NO;
				DEBUG_INFORMATION_FORMAT = "dwarf-with-dsym";
				ENABLE_NS_ASSERTIONS = NO;
				ENABLE_STRICT_OBJC_MSGSEND = YES;
				ENABLE_USER_SCRIPT_SANDBOXING = YES;
				GCC_C_LANGUAGE_STANDARD = gnu17;
				GCC_NO_COMMON_BLOCKS = YES;
				GCC_WARN_64_TO_32_BIT_CONVERSION = YES;
				GCC_WARN_ABOUT_RETURN_TYPE = YES_ERROR;
				GCC_WARN_UNDECLARED_SELECTOR = YES;
				GCC_WARN_UNINITIALIZED_AUTOS = YES_AGGRESSIVE;
				GCC_WARN_UNUSED_FUNCTION = YES;
				GCC_WARN_UNUSED_VARIABLE = YES;
				IPHONEOS_DEPLOYMENT_TARGET = 17.5;
				LOCALIZATION_PREFERS_STRING_CATALOGS = YES;
				MTL_ENABLE_DEBUG_INFO = NO;
				MTL_FAST_MATH = YES;
				SDKROOT = iphoneos;
				SWIFT_COMPILATION_MODE = wholemodule;
				VALIDATE_PRODUCT = YES;
			};
			name = Release;
		};
		A88E44572CC177DA008C3B96 /* Debug */ = {
			isa = XCBuildConfiguration;
			buildSettings = {
				ASSETCATALOG_COMPILER_APPICON_NAME = AppIcon;
				ASSETCATALOG_COMPILER_GLOBAL_ACCENT_COLOR_NAME = AccentColor;
				CODE_SIGN_STYLE = Automatic;
				CURRENT_PROJECT_VERSION = 1;
				GENERATE_INFOPLIST_FILE = YES;
				INFOPLIST_FILE = SpotifyUIKit/Info.plist;
				INFOPLIST_KEY_UIApplicationSupportsIndirectInputEvents = YES;
				INFOPLIST_KEY_UILaunchStoryboardName = LaunchScreen;
				INFOPLIST_KEY_UISupportedInterfaceOrientations_iPad = "UIInterfaceOrientationPortrait UIInterfaceOrientationPortraitUpsideDown UIInterfaceOrientationLandscapeLeft UIInterfaceOrientationLandscapeRight";
				INFOPLIST_KEY_UISupportedInterfaceOrientations_iPhone = "UIInterfaceOrientationPortrait UIInterfaceOrientationLandscapeLeft UIInterfaceOrientationLandscapeRight";
				LD_RUNPATH_SEARCH_PATHS = (
					"$(inherited)",
					"@executable_path/Frameworks",
				);
				MARKETING_VERSION = 1.0;
				PRODUCT_BUNDLE_IDENTIFIER = ujjwal.SpotifyUIKit;
				PRODUCT_NAME = "$(TARGET_NAME)";
				SWIFT_EMIT_LOC_STRINGS = YES;
				SWIFT_VERSION = 5.0;
				TARGETED_DEVICE_FAMILY = "1,2";
			};
			name = Debug;
		};
		A88E44582CC177DA008C3B96 /* Release */ = {
			isa = XCBuildConfiguration;
			buildSettings = {
				ASSETCATALOG_COMPILER_APPICON_NAME = AppIcon;
				ASSETCATALOG_COMPILER_GLOBAL_ACCENT_COLOR_NAME = AccentColor;
				CODE_SIGN_STYLE = Automatic;
				CURRENT_PROJECT_VERSION = 1;
				GENERATE_INFOPLIST_FILE = YES;
				INFOPLIST_FILE = SpotifyUIKit/Info.plist;
				INFOPLIST_KEY_UIApplicationSupportsIndirectInputEvents = YES;
				INFOPLIST_KEY_UILaunchStoryboardName = LaunchScreen;
				INFOPLIST_KEY_UISupportedInterfaceOrientations_iPad = "UIInterfaceOrientationPortrait UIInterfaceOrientationPortraitUpsideDown UIInterfaceOrientationLandscapeLeft UIInterfaceOrientationLandscapeRight";
				INFOPLIST_KEY_UISupportedInterfaceOrientations_iPhone = "UIInterfaceOrientationPortrait UIInterfaceOrientationLandscapeLeft UIInterfaceOrientationLandscapeRight";
				LD_RUNPATH_SEARCH_PATHS = (
					"$(inherited)",
					"@executable_path/Frameworks",
				);
				MARKETING_VERSION = 1.0;
				PRODUCT_BUNDLE_IDENTIFIER = ujjwal.SpotifyUIKit;
				PRODUCT_NAME = "$(TARGET_NAME)";
				SWIFT_EMIT_LOC_STRINGS = YES;
				SWIFT_VERSION = 5.0;
				TARGETED_DEVICE_FAMILY = "1,2";
			};
			name = Release;
		};
/* End XCBuildConfiguration section */

/* Begin XCConfigurationList section */
		A88E443D2CC177D8008C3B96 /* Build configuration list for PBXProject "SpotifyUIKit" */ = {
			isa = XCConfigurationList;
			buildConfigurations = (
				A88E44542CC177DA008C3B96 /* Debug */,
				A88E44552CC177DA008C3B96 /* Release */,
			);
			defaultConfigurationIsVisible = 0;
			defaultConfigurationName = Release;
		};
		A88E44562CC177DA008C3B96 /* Build configuration list for PBXNativeTarget "SpotifyUIKit" */ = {
			isa = XCConfigurationList;
			buildConfigurations = (
				A88E44572CC177DA008C3B96 /* Debug */,
				A88E44582CC177DA008C3B96 /* Release */,
			);
			defaultConfigurationIsVisible = 0;
			defaultConfigurationName = Release;
		};
/* End XCConfigurationList section */

/* Begin XCRemoteSwiftPackageReference section */
		A88E448D2CC3D4F2008C3B96 /* XCRemoteSwiftPackageReference "SDWebImage" */ = {
			isa = XCRemoteSwiftPackageReference;
			repositoryURL = "https://github.com/SDWebImage/SDWebImage.git";
			requirement = {
				kind = upToNextMajorVersion;
				minimumVersion = 5.19.7;
			};
		};
/* End XCRemoteSwiftPackageReference section */

/* Begin XCSwiftPackageProductDependency section */
		A88E448E2CC3D4F2008C3B96 /* SDWebImage */ = {
			isa = XCSwiftPackageProductDependency;
			package = A88E448D2CC3D4F2008C3B96 /* XCRemoteSwiftPackageReference "SDWebImage" */;
			productName = SDWebImage;
		};
		A88E44902CC3D4F2008C3B96 /* SDWebImageMapKit */ = {
			isa = XCSwiftPackageProductDependency;
			package = A88E448D2CC3D4F2008C3B96 /* XCRemoteSwiftPackageReference "SDWebImage" */;
			productName = SDWebImageMapKit;
		};
/* End XCSwiftPackageProductDependency section */
	};
	rootObject = A88E443A2CC177D8008C3B96 /* Project object */;
}
